<?xml version="1.0" encoding="utf-8"?>
<Project ToolsVersion="4.0" xmlns="http://schemas.microsoft.com/developer/msbuild/2003">
  <ItemGroup>
    <Filter Include="rill">
      <UniqueIdentifier>{4FC737F1-C7A5-4376-A066-2A32D752A2FF}</UniqueIdentifier>
      <Extensions>cpp;c;cc;cxx;def;odl;idl;hpj;bat;asm;asmx</Extensions>
    </Filter>
    <Filter Include="libs">
      <UniqueIdentifier>{93995380-89BD-4b04-88EB-625FBE52EBFB}</UniqueIdentifier>
      <Extensions>h;hpp;hxx;hm;inl;inc;xsd</Extensions>
    </Filter>
    <Filter Include="libs\rill">
      <UniqueIdentifier>{dfcabf89-edc0-46b2-83f1-ddffa9fb9c18}</UniqueIdentifier>
    </Filter>
    <Filter Include="libs\rill\src">
      <UniqueIdentifier>{b22394e9-50b5-4ca6-880a-aebb44f6e540}</UniqueIdentifier>
    </Filter>
    <Filter Include="tools">
      <UniqueIdentifier>{e0d28430-1472-4b2b-a27e-51ffd70e496d}</UniqueIdentifier>
    </Filter>
    <Filter Include="tools\compiler">
      <UniqueIdentifier>{a471a479-4c8c-479b-8312-a487ca62c577}</UniqueIdentifier>
    </Filter>
    <Filter Include="tools\compiler\src">
      <UniqueIdentifier>{ba64c7d2-3c91-42ed-805e-f949963d763d}</UniqueIdentifier>
    </Filter>
    <Filter Include="rill\config">
      <UniqueIdentifier>{b9647729-911b-4582-855e-02527336bf8c}</UniqueIdentifier>
    </Filter>
    <Filter Include="rill\interpreter">
      <UniqueIdentifier>{e43fd181-291c-409e-9db4-c625d09055e7}</UniqueIdentifier>
    </Filter>
    <Filter Include="libs\rill\src\interpreter">
      <UniqueIdentifier>{f7595717-27b7-412c-ba6a-31c75f9319ce}</UniqueIdentifier>
    </Filter>
    <Filter Include="rill\semantic_analysis">
      <UniqueIdentifier>{365e642d-6a15-4652-be31-4d945a82825a}</UniqueIdentifier>
    </Filter>
    <Filter Include="libs\rill\src\semantic_analysis">
      <UniqueIdentifier>{da88b201-a2f6-4b57-8b83-e88fa4d43146}</UniqueIdentifier>
    </Filter>
    <Filter Include="libs\rill\build">
      <UniqueIdentifier>{e025a4f0-9520-46cc-8617-542f6610a679}</UniqueIdentifier>
    </Filter>
    <Filter Include="rill\syntax_analysis">
      <UniqueIdentifier>{aacaa0f6-206e-4fc2-900b-4ad0f78e29a5}</UniqueIdentifier>
    </Filter>
    <Filter Include="rill\semantic_analysis\compiletime_interpreter">
      <UniqueIdentifier>{a050560f-e8d9-439e-a030-fe9e3c8cb207}</UniqueIdentifier>
    </Filter>
    <Filter Include="libs\rill\src\semantic_analysis\compiletime_interpreter">
      <UniqueIdentifier>{27265f94-3485-44dd-8266-d018de7ed1fe}</UniqueIdentifier>
    </Filter>
    <Filter Include="rill\ast">
      <UniqueIdentifier>{9ec2fdd5-e8b1-4ab6-a9f8-48c72c09f1af}</UniqueIdentifier>
    </Filter>
    <Filter Include="libs\rill\src\ast">
      <UniqueIdentifier>{2de4dbe1-da53-42e8-9473-6c3e25fb3ec2}</UniqueIdentifier>
    </Filter>
    <Filter Include="libs\rill\src\syntax_analysis">
      <UniqueIdentifier>{ca583ee3-5773-4dab-8def-a7f3bee7a5d5}</UniqueIdentifier>
    </Filter>
    <Filter Include="rill\ast\detail">
      <UniqueIdentifier>{04ddfb69-2b06-4417-80a8-4925d78d8150}</UniqueIdentifier>
    </Filter>
    <Filter Include="rill\environment">
      <UniqueIdentifier>{6b2a1023-29ec-488b-87f3-b36cf3a3aa28}</UniqueIdentifier>
    </Filter>
    <Filter Include="rill\environment\detail">
      <UniqueIdentifier>{8004cb92-5e84-478a-a45b-1b6207d0e4ea}</UniqueIdentifier>
    </Filter>
    <Filter Include="libs\rill\src\code_generator">
      <UniqueIdentifier>{971b4c69-1345-45b5-aa27-bcd6ca502bec}</UniqueIdentifier>
    </Filter>
    <Filter Include="rill\code_generator">
      <UniqueIdentifier>{89f57eb3-598c-44e6-affb-7bb0a9279ef0}</UniqueIdentifier>
    </Filter>
  </ItemGroup>
  <ItemGroup>
    <ClInclude Include="..\..\..\rill\config\macros.hpp">
      <Filter>rill\config</Filter>
    </ClInclude>
    <ClInclude Include="..\..\..\rill\interpreter\runner.hpp">
      <Filter>rill\interpreter</Filter>
    </ClInclude>
    <ClInclude Include="..\..\..\rill\interpreter\interpreter.hpp">
      <Filter>rill\interpreter</Filter>
    </ClInclude>
    <ClInclude Include="..\..\..\rill\interpreter\runtime.hpp">
      <Filter>rill\interpreter</Filter>
    </ClInclude>
    <ClInclude Include="..\..\..\rill\semantic_analysis\semantic_analysis.hpp">
      <Filter>rill\semantic_analysis</Filter>
    </ClInclude>
    <ClInclude Include="..\..\..\rill\semantic_analysis\helper.hpp">
      <Filter>rill\semantic_analysis</Filter>
    </ClInclude>
    <ClInclude Include="..\..\..\rill\semantic_analysis\compiletime_interpreter\interpreter.hpp">
      <Filter>rill\semantic_analysis\compiletime_interpreter</Filter>
    </ClInclude>
    <ClInclude Include="..\..\..\rill\semantic_analysis\compiletime_interpreter\runtime.hpp">
      <Filter>rill\semantic_analysis\compiletime_interpreter</Filter>
    </ClInclude>
    <ClInclude Include="..\..\..\rill\ast\expression.hpp">
      <Filter>rill\ast</Filter>
    </ClInclude>
    <ClInclude Include="..\..\..\rill\ast\expression_fwd.hpp">
      <Filter>rill\ast</Filter>
    </ClInclude>
    <ClInclude Include="..\..\..\rill\ast\statement.hpp">
      <Filter>rill\ast</Filter>
    </ClInclude>
    <ClInclude Include="..\..\..\rill\ast\statement_fwd.hpp">
      <Filter>rill\ast</Filter>
    </ClInclude>
    <ClInclude Include="..\..\..\rill\ast\value.hpp">
      <Filter>rill\ast</Filter>
    </ClInclude>
    <ClInclude Include="..\..\..\rill\ast\value_fwd.hpp">
      <Filter>rill\ast</Filter>
    </ClInclude>
    <ClInclude Include="..\..\..\rill\ast\root.hpp">
      <Filter>rill\ast</Filter>
    </ClInclude>
    <ClInclude Include="..\..\..\rill\ast\root_fwd.hpp">
      <Filter>rill\ast</Filter>
    </ClInclude>
    <ClInclude Include="..\..\..\rill\syntax_analysis\make_syntax_tree.hpp">
      <Filter>rill\syntax_analysis</Filter>
    </ClInclude>
    <ClInclude Include="..\..\..\rill\syntax_analysis\parser.hpp">
      <Filter>rill\syntax_analysis</Filter>
    </ClInclude>
    <ClInclude Include="..\..\..\rill\ast\detail\specifier.hpp">
      <Filter>rill\ast\detail</Filter>
    </ClInclude>
    <ClInclude Include="..\..\..\rill\semantic_analysis\identifier_collector.hpp">
      <Filter>rill\semantic_analysis</Filter>
    </ClInclude>
    <ClInclude Include="..\..\..\rill\semantic_analysis\analyzer.hpp">
      <Filter>rill\semantic_analysis</Filter>
    </ClInclude>
    <ClInclude Include="..\..\..\rill\semantic_analysis\compiletime_interpreter\type_evaluator.hpp">
      <Filter>rill\semantic_analysis\compiletime_interpreter</Filter>
    </ClInclude>
    <ClInclude Include="..\..\..\rill\ast\detail\dispatch_assets.hpp">
      <Filter>rill\ast\detail</Filter>
    </ClInclude>
    <ClInclude Include="..\..\..\rill\ast\detail\dispatch_functions.hpp">
      <Filter>rill\ast\detail</Filter>
    </ClInclude>
    <ClInclude Include="..\..\..\rill\syntax_analysis\make_syntax_tree_impl.hpp">
      <Filter>rill\syntax_analysis</Filter>
    </ClInclude>
    <ClInclude Include="..\..\..\rill\ast\detail\tree_visitor_base.hpp">
      <Filter>rill\ast\detail</Filter>
    </ClInclude>
    <ClInclude Include="..\..\..\rill\environment\environment.hpp">
      <Filter>rill\environment</Filter>
    </ClInclude>
    <ClInclude Include="..\..\..\rill\environment\function_symbol_environment.hpp">
      <Filter>rill\environment</Filter>
    </ClInclude>
    <ClInclude Include="..\..\..\rill\environment\template_environment.hpp">
      <Filter>rill\environment</Filter>
    </ClInclude>
    <ClInclude Include="..\..\..\rill\environment\single_identifier_environment_base.hpp">
      <Filter>rill\environment</Filter>
    </ClInclude>
    <ClInclude Include="..\..\..\rill\environment\root_environment.hpp">
      <Filter>rill\environment</Filter>
    </ClInclude>
    <ClInclude Include="..\..\..\rill\environment\has_parameter_environment_base.hpp">
      <Filter>rill\environment</Filter>
    </ClInclude>
    <ClInclude Include="..\..\..\rill\environment\has_parameter_environment.hpp">
      <Filter>rill\environment</Filter>
    </ClInclude>
    <ClInclude Include="..\..\..\rill\environment\variable_symbol_environment.hpp">
      <Filter>rill\environment</Filter>
    </ClInclude>
    <ClInclude Include="..\..\..\rill\environment\class_symbol_environment.hpp">
      <Filter>rill\environment</Filter>
    </ClInclude>
    <ClInclude Include="..\..\..\rill\environment\detail\container.hpp">
      <Filter>rill\environment\detail</Filter>
    </ClInclude>
    <ClInclude Include="..\..\..\rill\environment\detail\mapper.hpp">
      <Filter>rill\environment\detail</Filter>
    </ClInclude>
    <ClInclude Include="..\..\..\rill\environment.hpp">
      <Filter>rill</Filter>
    </ClInclude>
    <ClInclude Include="..\..\..\rill\environment_fwd.hpp">
      <Filter>rill</Filter>
    </ClInclude>
    <ClInclude Include="..\..\..\rill\embedded_function_holder.hpp">
      <Filter>rill</Filter>
    </ClInclude>
    <ClInclude Include="..\..\..\rill\embedded_function_holder_fwd.hpp">
      <Filter>rill</Filter>
    </ClInclude>
    <ClInclude Include="..\..\..\rill\code_generator\code_generator.hpp">
      <Filter>rill\code_generator</Filter>
    </ClInclude>
    <ClInclude Include="..\..\..\rill\code_generator\llvm_ir_builder.hpp">
      <Filter>rill\code_generator</Filter>
    </ClInclude>
    <ClInclude Include="..\..\..\rill\syntax_analysis\skip_parser.hpp">
      <Filter>rill\syntax_analysis</Filter>
    </ClInclude>
  </ItemGroup>
  <ItemGroup>
    <ClCompile Include="..\..\..\libs\rill\src\environment.cpp">
      <Filter>libs\rill\src</Filter>
    </ClCompile>
    <ClCompile Include="..\..\..\tools\compiler\src\main.cpp">
      <Filter>tools\compiler\src</Filter>
    </ClCompile>
    <ClCompile Include="..\..\..\libs\rill\src\interpreter\runner.cpp">
      <Filter>libs\rill\src\interpreter</Filter>
    </ClCompile>
    <ClCompile Include="..\..\..\libs\rill\src\semantic_analysis\helper.cpp">
      <Filter>libs\rill\src\semantic_analysis</Filter>
    </ClCompile>
    <ClCompile Include="..\..\..\libs\rill\src\syntax_analysis\make_syntax_tree.cpp">
      <Filter>libs\rill\src\syntax_analysis</Filter>
    </ClCompile>
    <ClCompile Include="..\..\..\libs\rill\src\ast\value.cpp">
      <Filter>libs\rill\src\ast</Filter>
    </ClCompile>
    <ClCompile Include="..\..\..\libs\rill\src\semantic_analysis\identifier_collector.cpp">
      <Filter>libs\rill\src\semantic_analysis</Filter>
    </ClCompile>
    <ClCompile Include="..\..\..\libs\rill\src\semantic_analysis\analyzer.cpp">
      <Filter>libs\rill\src\semantic_analysis</Filter>
    </ClCompile>
    <ClCompile Include="..\..\..\libs\rill\src\semantic_analysis\compiletime_interpreter\type_evaluator.cpp">
      <Filter>libs\rill\src\semantic_analysis\compiletime_interpreter</Filter>
    </ClCompile>
    <ClCompile Include="..\..\..\libs\rill\src\code_generator\code_generator.cpp">
      <Filter>libs\rill\src\code_generator</Filter>
    </ClCompile>
  </ItemGroup>
  <ItemGroup>
    <None Include="..\..\..\libs\rill\build\Jamfile.v2">
      <Filter>libs\rill\build</Filter>
    </None>
    <None Include="..\..\..\tools\compiler\Jamfile.v2">
      <Filter>tools\compiler</Filter>
    </None>
    <None Include="..\..\..\Jamroot.jam" />
    <None Include="input.rill">
      <Filter>tools\compiler</Filter>
    </None>
  </ItemGroup>
</Project>