<?xml version="1.0" encoding="utf-8"?>
<Project ToolsVersion="4.0" xmlns="http://schemas.microsoft.com/developer/msbuild/2003">
  <ItemGroup>
    <Filter Include="rill">
      <UniqueIdentifier>{4FC737F1-C7A5-4376-A066-2A32D752A2FF}</UniqueIdentifier>
      <Extensions>cpp;c;cc;cxx;def;odl;idl;hpj;bat;asm;asmx</Extensions>
    </Filter>
    <Filter Include="libs">
      <UniqueIdentifier>{93995380-89BD-4b04-88EB-625FBE52EBFB}</UniqueIdentifier>
      <Extensions>h;hpp;hxx;hm;inl;inc;xsd</Extensions>
    </Filter>
    <Filter Include="libs\rill">
      <UniqueIdentifier>{dfcabf89-edc0-46b2-83f1-ddffa9fb9c18}</UniqueIdentifier>
    </Filter>
    <Filter Include="libs\rill\src">
      <UniqueIdentifier>{b22394e9-50b5-4ca6-880a-aebb44f6e540}</UniqueIdentifier>
    </Filter>
    <Filter Include="tools">
      <UniqueIdentifier>{e0d28430-1472-4b2b-a27e-51ffd70e496d}</UniqueIdentifier>
    </Filter>
    <Filter Include="tools\compiler">
      <UniqueIdentifier>{a471a479-4c8c-479b-8312-a487ca62c577}</UniqueIdentifier>
    </Filter>
    <Filter Include="tools\compiler\src">
      <UniqueIdentifier>{ba64c7d2-3c91-42ed-805e-f949963d763d}</UniqueIdentifier>
    </Filter>
    <Filter Include="rill\element">
      <UniqueIdentifier>{9ec2fdd5-e8b1-4ab6-a9f8-48c72c09f1af}</UniqueIdentifier>
    </Filter>
    <Filter Include="rill\pass">
      <UniqueIdentifier>{f310b27c-8456-4d30-a951-52b633c38ddc}</UniqueIdentifier>
    </Filter>
    <Filter Include="rill\config">
      <UniqueIdentifier>{b9647729-911b-4582-855e-02527336bf8c}</UniqueIdentifier>
    </Filter>
    <Filter Include="rill\interpreter">
      <UniqueIdentifier>{e43fd181-291c-409e-9db4-c625d09055e7}</UniqueIdentifier>
    </Filter>
    <Filter Include="libs\rill\src\interpreter">
      <UniqueIdentifier>{f7595717-27b7-412c-ba6a-31c75f9319ce}</UniqueIdentifier>
    </Filter>
  </ItemGroup>
  <ItemGroup>
    <ClInclude Include="..\..\..\rill\environment.hpp">
      <Filter>rill</Filter>
    </ClInclude>
    <ClInclude Include="..\..\..\rill\environment_fwd.hpp">
      <Filter>rill</Filter>
    </ClInclude>
    <ClInclude Include="..\..\..\rill\parser.hpp">
      <Filter>rill</Filter>
    </ClInclude>
    <ClInclude Include="..\..\..\rill\expression.hpp">
      <Filter>rill\element</Filter>
    </ClInclude>
    <ClInclude Include="..\..\..\rill\value.hpp">
      <Filter>rill\element</Filter>
    </ClInclude>
    <ClInclude Include="..\..\..\rill\statement.hpp">
      <Filter>rill\element</Filter>
    </ClInclude>
    <ClInclude Include="..\..\..\rill\make_syntax_tree.hpp">
      <Filter>rill</Filter>
    </ClInclude>
    <ClInclude Include="..\..\..\rill\statement_fwd.hpp">
      <Filter>rill\element</Filter>
    </ClInclude>
    <ClInclude Include="..\..\..\rill\list_identifier_pass.hpp">
      <Filter>rill\pass</Filter>
    </ClInclude>
    <ClInclude Include="..\..\..\rill\interpret_pass.hpp">
      <Filter>rill\pass</Filter>
    </ClInclude>
    <ClInclude Include="..\..\..\rill\instantiation_and_semantic_analysis_pass.hpp">
      <Filter>rill\pass</Filter>
    </ClInclude>
    <ClInclude Include="..\..\..\rill\expression_fwd.hpp">
      <Filter>rill\element</Filter>
    </ClInclude>
    <ClInclude Include="..\..\..\rill\value_fwd.hpp">
      <Filter>rill\element</Filter>
    </ClInclude>
    <ClInclude Include="..\..\..\rill\config\macros.hpp">
      <Filter>rill\config</Filter>
    </ClInclude>
    <ClInclude Include="..\..\..\rill\tree_visitor_base.hpp">
      <Filter>rill\pass</Filter>
    </ClInclude>
    <ClInclude Include="..\..\..\rill\interpreter\runner.hpp">
      <Filter>rill\interpreter</Filter>
    </ClInclude>
    <ClInclude Include="..\..\..\rill\interpreter\interpreter.hpp">
      <Filter>rill\interpreter</Filter>
    </ClInclude>
    <ClInclude Include="..\..\..\rill\interpreter\invoke.hpp">
      <Filter>rill\interpreter</Filter>
    </ClInclude>
    <ClInclude Include="..\..\..\rill\interpreter\runtime.hpp">
      <Filter>rill\interpreter</Filter>
    </ClInclude>
  </ItemGroup>
  <ItemGroup>
    <ClCompile Include="..\..\..\libs\rill\src\environment.cpp">
      <Filter>libs\rill\src</Filter>
    </ClCompile>
    <ClCompile Include="..\..\..\tools\compiler\src\main.cpp">
      <Filter>tools\compiler\src</Filter>
    </ClCompile>
    <ClCompile Include="..\..\..\libs\rill\src\value.cpp">
      <Filter>libs\rill\src</Filter>
    </ClCompile>
    <ClCompile Include="..\..\..\libs\rill\src\make_syntax_tree.cpp">
      <Filter>libs\rill\src</Filter>
    </ClCompile>
    <ClCompile Include="..\..\..\libs\rill\src\interpreter\interpreter.cpp">
      <Filter>libs\rill\src\interpreter</Filter>
    </ClCompile>
  </ItemGroup>
  <ItemGroup>
    <None Include="..\..\..\libs\rill\build\Jamfile.v2" />
  </ItemGroup>
</Project>